// !$*UTF8*$!
{
	archiveVersion = 1;
	classes = {
	};
	objectVersion = 46;
	objects = {

/* Begin PBXBuildFile section */
		CC85615DA9ED7CAA5D4CC026 /* main.m in Sources */ = {isa = PBXBuildFile; fileRef = CC856AA7C6C3B98227145A57 /* main.m */; };
		CC8561F2E316D2180599D1A7 /* WeatherUITests.m in Sources */ = {isa = PBXBuildFile; fileRef = CC856457176EFD0647C41FF2 /* WeatherUITests.m */; };
		CC85623BF7BD3A48021B3370 /* Info.plist in Resources */ = {isa = PBXBuildFile; fileRef = CC856C880A3D63CADAC63FDB /* Info.plist */; };
		CC8562DC0336F4653B029DC6 /* Info.plist in Resources */ = {isa = PBXBuildFile; fileRef = CC8562E87A703941EB494972 /* Info.plist */; };
		CC85664DA18829C25E31FEAB /* Info.plist in Resources */ = {isa = PBXBuildFile; fileRef = CC856C5031ADBB02FFBB192C /* Info.plist */; };
		CC85667FF9ACB124D57C2732 /* AppDelegate.m in Sources */ = {isa = PBXBuildFile; fileRef = CC85662677D6FD114B15C600 /* AppDelegate.m */; };
		CC856759E0C9E99F7FD11C3F /* Main.storyboard in Resources */ = {isa = PBXBuildFile; fileRef = CC85661A24F84B912FDAF6AC /* Main.storyboard */; };
		CC856958EC31F18C5365BD06 /* LaunchScreen.storyboard in Resources */ = {isa = PBXBuildFile; fileRef = CC85681CFCD4731587FDC4D5 /* LaunchScreen.storyboard */; };
		CC856D8811A8929FAFE56E8D /* Assets.xcassets in Resources */ = {isa = PBXBuildFile; fileRef = CC856CFA342FBD3DB5DE2E0D /* Assets.xcassets */; };
		CC856E23A2CCDDBBE8D1FF94 /* ViewController.m in Sources */ = {isa = PBXBuildFile; fileRef = CC8564CA8399DB62E6961D52 /* ViewController.m */; };
		CC856EC2D2E02ADE99E1134A /* WeatherTests.m in Sources */ = {isa = PBXBuildFile; fileRef = CC85623111A942053A79CBCE /* WeatherTests.m */; };
/* End PBXBuildFile section */

/* Begin PBXContainerItemProxy section */
		CC8560B080F33F282FD9BDB1 /* PBXContainerItemProxy */ = {
			isa = PBXContainerItemProxy;
			containerPortal = CC8563D54ECB95224EC98C31 /* Project object */;
			proxyType = 1;
			remoteGlobalIDString = CC8560BD3C170BAFC9C32025;
			remoteInfo = Weather;
		};
		CC8567206E595686A898913C /* PBXContainerItemProxy */ = {
			isa = PBXContainerItemProxy;
			containerPortal = CC8563D54ECB95224EC98C31 /* Project object */;
			proxyType = 1;
			remoteGlobalIDString = CC8560BD3C170BAFC9C32025;
			remoteInfo = Weather;
		};
/* End PBXContainerItemProxy section */

/* Begin PBXFileReference section */
		CC856198E6D992A82A373DA7 /* WeatherUITests.xctest */ = {isa = PBXFileReference; explicitFileType = wrapper.cfbundle; includeInIndex = 0; path = WeatherUITests.xctest; sourceTree = BUILT_PRODUCTS_DIR; };
		CC8561AAD8CDE400A4BDB201 /* Weather.app */ = {isa = PBXFileReference; explicitFileType = wrapper.application; includeInIndex = 0; path = Weather.app; sourceTree = BUILT_PRODUCTS_DIR; };
		CC85623111A942053A79CBCE /* WeatherTests.m */ = {isa = PBXFileReference; lastKnownFileType = sourcecode.c.objc; path = WeatherTests.m; sourceTree = "<group>"; };
		CC8562E87A703941EB494972 /* Info.plist */ = {isa = PBXFileReference; lastKnownFileType = text.plist.info; path = Info.plist; sourceTree = "<group>"; };
		CC8563AD1285E1B922768EBA /* Base */ = {isa = PBXFileReference; lastKnownFileType = file.storyboard; name = Base; path = Base.lproj/Main.storyboard; sourceTree = "<group>"; };
		CC856457176EFD0647C41FF2 /* WeatherUITests.m */ = {isa = PBXFileReference; lastKnownFileType = sourcecode.c.objc; path = WeatherUITests.m; sourceTree = "<group>"; };
		CC8564CA8399DB62E6961D52 /* ViewController.m */ = {isa = PBXFileReference; lastKnownFileType = sourcecode.c.objc; path = ViewController.m; sourceTree = "<group>"; };
		CC8565629E24A4BE7E887DA4 /* AppDelegate.h */ = {isa = PBXFileReference; lastKnownFileType = sourcecode.c.h; path = AppDelegate.h; sourceTree = "<group>"; };
		CC85662677D6FD114B15C600 /* AppDelegate.m */ = {isa = PBXFileReference; lastKnownFileType = sourcecode.c.objc; path = AppDelegate.m; sourceTree = "<group>"; };
		CC8567477750418C21CD539A /* WeatherTests.xctest */ = {isa = PBXFileReference; explicitFileType = wrapper.cfbundle; includeInIndex = 0; path = WeatherTests.xctest; sourceTree = BUILT_PRODUCTS_DIR; };
		CC856AA7C6C3B98227145A57 /* main.m */ = {isa = PBXFileReference; lastKnownFileType = sourcecode.c.objc; path = main.m; sourceTree = "<group>"; };
		CC856C5031ADBB02FFBB192C /* Info.plist */ = {isa = PBXFileReference; lastKnownFileType = text.plist.info; path = Info.plist; sourceTree = "<group>"; };
		CC856C880A3D63CADAC63FDB /* Info.plist */ = {isa = PBXFileReference; lastKnownFileType = text.plist.info; path = Info.plist; sourceTree = "<group>"; };
		CC856CFA342FBD3DB5DE2E0D /* Assets.xcassets */ = {isa = PBXFileReference; lastKnownFileType = folder.assetcatalog; path = Assets.xcassets; sourceTree = "<group>"; };
		CC856EF00487BAE11D76A5AF /* ViewController.h */ = {isa = PBXFileReference; lastKnownFileType = sourcecode.c.h; path = ViewController.h; sourceTree = "<group>"; };
		CC856F4081685CF37F843CB6 /* Base */ = {isa = PBXFileReference; lastKnownFileType = file.storyboard; name = Base; path = Base.lproj/LaunchScreen.storyboard; sourceTree = "<group>"; };
/* End PBXFileReference section */

/* Begin PBXFrameworksBuildPhase section */
		CC8565B1852D1B3A7E90FDD5 /* Frameworks */ = {
			isa = PBXFrameworksBuildPhase;
			buildActionMask = 2147483647;
			files = (
			);
			runOnlyForDeploymentPostprocessing = 0;
		};
		CC85670810B4DFC6D40F8596 /* Frameworks */ = {
			isa = PBXFrameworksBuildPhase;
			buildActionMask = 2147483647;
			files = (
			);
			runOnlyForDeploymentPostprocessing = 0;
		};
		CC8569C3E399985B60BDDB75 /* Frameworks */ = {
			isa = PBXFrameworksBuildPhase;
			buildActionMask = 2147483647;
			files = (
			);
			runOnlyForDeploymentPostprocessing = 0;
		};
/* End PBXFrameworksBuildPhase section */

/* Begin PBXGroup section */
		CC8565069603E3BEC658F62C /* WeatherUITests */ = {
			isa = PBXGroup;
			children = (
				CC8562E87A703941EB494972 /* Info.plist */,
				CC856457176EFD0647C41FF2 /* WeatherUITests.m */,
			);
			path = WeatherUITests;
			sourceTree = "<group>";
		};
		CC85676543EC55DDE886BACD /* Products */ = {
			isa = PBXGroup;
			children = (
				CC8561AAD8CDE400A4BDB201 /* Weather.app */,
				CC8567477750418C21CD539A /* WeatherTests.xctest */,
				CC856198E6D992A82A373DA7 /* WeatherUITests.xctest */,
			);
			name = Products;
			sourceTree = "<group>";
		};
		CC856A830BD4F589C4CBFFC7 /* Weather */ = {
			isa = PBXGroup;
			children = (
				CC856C5031ADBB02FFBB192C /* Info.plist */,
				CC856CFA342FBD3DB5DE2E0D /* Assets.xcassets */,
				CC85681CFCD4731587FDC4D5 /* LaunchScreen.storyboard */,
				CC856E39E78115F139920331 /* Supporting Files */,
				CC8565629E24A4BE7E887DA4 /* AppDelegate.h */,
				CC85662677D6FD114B15C600 /* AppDelegate.m */,
				CC85661A24F84B912FDAF6AC /* Main.storyboard */,
				CC856EF00487BAE11D76A5AF /* ViewController.h */,
				CC8564CA8399DB62E6961D52 /* ViewController.m */,
			);
			path = Weather;
			sourceTree = "<group>";
		};
		CC856A8E063EDF061258541F = {
			isa = PBXGroup;
			children = (
				CC85676543EC55DDE886BACD /* Products */,
				CC856A830BD4F589C4CBFFC7 /* Weather */,
				CC856FEE87D6DE297CAA3FAC /* WeatherTests */,
				CC8565069603E3BEC658F62C /* WeatherUITests */,
			);
			sourceTree = "<group>";
		};
		CC856E39E78115F139920331 /* Supporting Files */ = {
			isa = PBXGroup;
			children = (
				CC856AA7C6C3B98227145A57 /* main.m */,
			);
			name = "Supporting Files";
			sourceTree = "<group>";
		};
		CC856FEE87D6DE297CAA3FAC /* WeatherTests */ = {
			isa = PBXGroup;
			children = (
				CC856C880A3D63CADAC63FDB /* Info.plist */,
				CC85623111A942053A79CBCE /* WeatherTests.m */,
			);
			path = WeatherTests;
			sourceTree = "<group>";
		};
/* End PBXGroup section */

/* Begin PBXNativeTarget section */
		CC8560BD3C170BAFC9C32025 /* Weather */ = {
			isa = PBXNativeTarget;
			buildConfigurationList = CC856CAF7EE890453A81FBD9 /* Build configuration list for PBXNativeTarget "Weather" */;
			buildPhases = (
				CC856EDE8AF74C452C6C872C /* Sources */,
				CC8565B1852D1B3A7E90FDD5 /* Frameworks */,
				CC856FCC555190E35C63A52C /* Resources */,
			);
			buildRules = (
			);
			dependencies = (
			);
			name = Weather;
			productName = Weather;
			productReference = CC8561AAD8CDE400A4BDB201 /* Weather.app */;
			productType = "com.apple.product-type.application";
		};
		CC85662A44CA32FEF0882AF7 /* WeatherUITests */ = {
			isa = PBXNativeTarget;
			buildConfigurationList = CC856C86D2DCDDF20B50A9EB /* Build configuration list for PBXNativeTarget "WeatherUITests" */;
			buildPhases = (
				CC8560D37928A23E2D299175 /* Sources */,
				CC85670810B4DFC6D40F8596 /* Frameworks */,
				CC856E083E6D931F4AA77F09 /* Resources */,
			);
			buildRules = (
			);
			dependencies = (
				CC856B9BC82A5C9F55A420BE /* PBXTargetDependency */,
			);
			name = WeatherUITests;
			productName = WeatherUITests;
			productReference = CC856198E6D992A82A373DA7 /* WeatherUITests.xctest */;
			productType = "com.apple.product-type.bundle.ui-testing";
		};
		CC856FEFB251166228B571C5 /* WeatherTests */ = {
			isa = PBXNativeTarget;
			buildConfigurationList = CC856FEC4767DACFAC380148 /* Build configuration list for PBXNativeTarget "WeatherTests" */;
			buildPhases = (
				CC8565EDFA8759C219912823 /* Sources */,
				CC8569C3E399985B60BDDB75 /* Frameworks */,
				CC856DAFD0B876227E8C1170 /* Resources */,
			);
			buildRules = (
			);
			dependencies = (
				CC856D315046B987D07353E5 /* PBXTargetDependency */,
			);
			name = WeatherTests;
			productName = WeatherTests;
			productReference = CC8567477750418C21CD539A /* WeatherTests.xctest */;
			productType = "com.apple.product-type.bundle.unit-test";
		};
/* End PBXNativeTarget section */

/* Begin PBXProject section */
		CC8563D54ECB95224EC98C31 /* Project object */ = {
			isa = PBXProject;
			attributes = {
				ORGANIZATIONNAME = all;
			};
			buildConfigurationList = CC85668717A124DB3836F598 /* Build configuration list for PBXProject "Weather" */;
			compatibilityVersion = "Xcode 3.2";
			developmentRegion = English;
			hasScannedForEncodings = 0;
			knownRegions = (
				en,
			);
			mainGroup = CC856A8E063EDF061258541F;
			productRefGroup = CC85676543EC55DDE886BACD /* Products */;
			projectDirPath = "";
			projectRoot = "";
			targets = (
				CC8560BD3C170BAFC9C32025 /* Weather */,
				CC856FEFB251166228B571C5 /* WeatherTests */,
				CC85662A44CA32FEF0882AF7 /* WeatherUITests */,
			);
		};
/* End PBXProject section */

/* Begin PBXResourcesBuildPhase section */
		CC856DAFD0B876227E8C1170 /* Resources */ = {
			isa = PBXResourcesBuildPhase;
			buildActionMask = 2147483647;
			files = (
				CC85623BF7BD3A48021B3370 /* Info.plist in Resources */,
			);
			runOnlyForDeploymentPostprocessing = 0;
		};
		CC856E083E6D931F4AA77F09 /* Resources */ = {
			isa = PBXResourcesBuildPhase;
			buildActionMask = 2147483647;
			files = (
				CC8562DC0336F4653B029DC6 /* Info.plist in Resources */,
			);
			runOnlyForDeploymentPostprocessing = 0;
		};
		CC856FCC555190E35C63A52C /* Resources */ = {
			isa = PBXResourcesBuildPhase;
			buildActionMask = 2147483647;
			files = (
				CC85664DA18829C25E31FEAB /* Info.plist in Resources */,
				CC856D8811A8929FAFE56E8D /* Assets.xcassets in Resources */,
				CC856958EC31F18C5365BD06 /* LaunchScreen.storyboard in Resources */,
				CC856759E0C9E99F7FD11C3F /* Main.storyboard in Resources */,
			);
			runOnlyForDeploymentPostprocessing = 0;
		};
/* End PBXResourcesBuildPhase section */

/* Begin PBXSourcesBuildPhase section */
		CC8560D37928A23E2D299175 /* Sources */ = {
			isa = PBXSourcesBuildPhase;
			buildActionMask = 2147483647;
			files = (
				CC8561F2E316D2180599D1A7 /* WeatherUITests.m in Sources */,
			);
			runOnlyForDeploymentPostprocessing = 0;
		};
		CC8565EDFA8759C219912823 /* Sources */ = {
			isa = PBXSourcesBuildPhase;
			buildActionMask = 2147483647;
			files = (
				CC856EC2D2E02ADE99E1134A /* WeatherTests.m in Sources */,
			);
			runOnlyForDeploymentPostprocessing = 0;
		};
		CC856EDE8AF74C452C6C872C /* Sources */ = {
			isa = PBXSourcesBuildPhase;
			buildActionMask = 2147483647;
			files = (
				CC85615DA9ED7CAA5D4CC026 /* main.m in Sources */,
				CC85667FF9ACB124D57C2732 /* AppDelegate.m in Sources */,
				CC856E23A2CCDDBBE8D1FF94 /* ViewController.m in Sources */,
			);
			runOnlyForDeploymentPostprocessing = 0;
		};
/* End PBXSourcesBuildPhase section */

/* Begin PBXTargetDependency section */
		CC856B9BC82A5C9F55A420BE /* PBXTargetDependency */ = {
			isa = PBXTargetDependency;
			target = CC8560BD3C170BAFC9C32025 /* Weather */;
			targetProxy = CC8567206E595686A898913C /* PBXContainerItemProxy */;
		};
		CC856D315046B987D07353E5 /* PBXTargetDependency */ = {
			isa = PBXTargetDependency;
			target = CC8560BD3C170BAFC9C32025 /* Weather */;
			targetProxy = CC8560B080F33F282FD9BDB1 /* PBXContainerItemProxy */;
		};
/* End PBXTargetDependency section */

/* Begin PBXVariantGroup section */
		CC85661A24F84B912FDAF6AC /* Main.storyboard */ = {
			isa = PBXVariantGroup;
			children = (
				CC8563AD1285E1B922768EBA /* Base */,
			);
			name = Main.storyboard;
			sourceTree = "<group>";
		};
		CC85681CFCD4731587FDC4D5 /* LaunchScreen.storyboard */ = {
			isa = PBXVariantGroup;
			children = (
				CC856F4081685CF37F843CB6 /* Base */,
			);
			name = LaunchScreen.storyboard;
			sourceTree = "<group>";
		};
/* End PBXVariantGroup section */

/* Begin XCBuildConfiguration section */
		CC8561C18DFCCDA009C20DA8 /* Debug */ = {
			isa = XCBuildConfiguration;
			buildSettings = {
				BUNDLE_LOADER = "$(BUILT_PRODUCTS_DIR)/Weather.app/Weather";
				INFOPLIST_FILE = WeatherUITests/Info.plist;
				LD_RUNPATH_SEARCH_PATHS = "$(inherited) @executable_path/Frameworks @loader_path/Frameworks";
				PRODUCT_BUNDLE_IDENTIFIER = all.WeatherUITests;
				PRODUCT_NAME = "$(TARGET_NAME)";
				TEST_HOST = "$(BUNDLE_LOADER)";
			};
			name = Debug;
		};
		CC856650364AF881801F1151 /* Release */ = {
			isa = XCBuildConfiguration;
			buildSettings = {
				BUNDLE_LOADER = "$(BUILT_PRODUCTS_DIR)/Weather.app/Weather";
				INFOPLIST_FILE = WeatherTests/Info.plist;
				LD_RUNPATH_SEARCH_PATHS = "$(inherited) @executable_path/Frameworks @loader_path/Frameworks";
				PRODUCT_BUNDLE_IDENTIFIER = all.WeatherTests;
				PRODUCT_NAME = "$(TARGET_NAME)";
				TEST_HOST = "$(BUNDLE_LOADER)";
			};
			name = Release;
		};
		CC85666DBD182773842AE5C9 /* Debug */ = {
			isa = XCBuildConfiguration;
			buildSettings = {
				ALWAYS_SEARCH_USER_PATHS = NO;
				CLANG_CXX_LANGUAGE_STANDARD = "gnu++0x";
				CLANG_CXX_LIBRARY = "libc++";
				CLANG_ENABLE_MODULES = YES;
				CLANG_ENABLE_OBJC_ARC = YES;
				CLANG_WARN_BOOL_CONVERSION = YES;
				CLANG_WARN_CONSTANT_CONVERSION = YES;
				CLANG_WARN_DIRECT_OBJC_ISA_USAGE = YES_ERROR;
				CLANG_WARN_EMPTY_BODY = YES;
				CLANG_WARN_ENUM_CONVERSION = YES;
				CLANG_WARN_INT_CONVERSION = YES;
				CLANG_WARN_OBJC_ROOT_CLASS = YES_ERROR;
				CLANG_WARN_UNREACHABLE_CODE = YES;
				CLANG_WARN__DUPLICATE_METHOD_MATCH = YES;
				"CODE_SIGN_IDENTITY[sdk=iphoneos*]" = "iPhone Developer";
				COPY_PHASE_STRIP = NO;
				DEBUG_INFORMATION_FORMAT = dwarf;
				ENABLE_STRICT_OBJC_MSGSEND = YES;
				ENABLE_TESTABILITY = YES;
				GCC_C_LANGUAGE_STANDARD = gnu99;
				GCC_DYNAMIC_NO_PIC = NO;
				GCC_NO_COMMON_BLOCKS = YES;
				GCC_OPTIMIZATION_LEVEL = 0;
				GCC_PREPROCESSOR_DEFINITIONS = (
					"DEBUG=1",
					"$(inherited)",
				);
				GCC_WARN_64_TO_32_BIT_CONVERSION = YES;
				GCC_WARN_ABOUT_RETURN_TYPE = YES_ERROR;
				GCC_WARN_UNDECLARED_SELECTOR = YES;
				GCC_WARN_UNINITIALIZED_AUTOS = YES_AGGRESSIVE;
				GCC_WARN_UNUSED_FUNCTION = YES;
				GCC_WARN_UNUSED_VARIABLE = YES;
				IPHONEOS_DEPLOYMENT_TARGET = 9.2;
				MTL_ENABLE_DEBUG_INFO = YES;
				ONLY_ACTIVE_ARCH = YES;
				SDKROOT = iphoneos;
				TARGETED_DEVICE_FAMILY = "1,2";
			};
			name = Debug;
		};
		CC8566BA33C32179FAC9F0FD /* Release */ = {
			isa = XCBuildConfiguration;
			buildSettings = {
				ALWAYS_SEARCH_USER_PATHS = NO;
				CLANG_CXX_LANGUAGE_STANDARD = "gnu++0x";
				CLANG_CXX_LIBRARY = "libc++";
				CLANG_ENABLE_MODULES = YES;
				CLANG_ENABLE_OBJC_ARC = YES;
				CLANG_WARN_BOOL_CONVERSION = YES;
				CLANG_WARN_CONSTANT_CONVERSION = YES;
				CLANG_WARN_DIRECT_OBJC_ISA_USAGE = YES_ERROR;
				CLANG_WARN_EMPTY_BODY = YES;
				CLANG_WARN_ENUM_CONVERSION = YES;
				CLANG_WARN_INT_CONVERSION = YES;
				CLANG_WARN_OBJC_ROOT_CLASS = YES_ERROR;
				CLANG_WARN_UNREACHABLE_CODE = YES;
				CLANG_WARN__DUPLICATE_METHOD_MATCH = YES;
				"CODE_SIGN_IDENTITY[sdk=iphoneos*]" = "iPhone Developer";
				COPY_PHASE_STRIP = NO;
				DEBUG_INFORMATION_FORMAT = "dwarf-with-dsym";
				ENABLE_NS_ASSERTIONS = NO;
				ENABLE_STRICT_OBJC_MSGSEND = YES;
				GCC_C_LANGUAGE_STANDARD = gnu99;
				GCC_NO_COMMON_BLOCKS = YES;
				GCC_WARN_64_TO_32_BIT_CONVERSION = YES;
				GCC_WARN_ABOUT_RETURN_TYPE = YES_ERROR;
				GCC_WARN_UNDECLARED_SELECTOR = YES;
				GCC_WARN_UNINITIALIZED_AUTOS = YES_AGGRESSIVE;
				GCC_WARN_UNUSED_FUNCTION = YES;
				GCC_WARN_UNUSED_VARIABLE = YES;
				IPHONEOS_DEPLOYMENT_TARGET = 9.2;
				MTL_ENABLE_DEBUG_INFO = NO;
				SDKROOT = iphoneos;
				TARGETED_DEVICE_FAMILY = "1,2";
				VALIDATE_PRODUCT = YES;
			};
			name = Release;
		};
		CC8566DD89CF153A2D4D00AA /* Debug */ = {
			isa = XCBuildConfiguration;
			buildSettings = {
				BUNDLE_LOADER = "$(BUILT_PRODUCTS_DIR)/Weather.app/Weather";
				INFOPLIST_FILE = WeatherTests/Info.plist;
				LD_RUNPATH_SEARCH_PATHS = "$(inherited) @executable_path/Frameworks @loader_path/Frameworks";
				PRODUCT_BUNDLE_IDENTIFIER = all.WeatherTests;
				PRODUCT_NAME = "$(TARGET_NAME)";
				TEST_HOST = "$(BUNDLE_LOADER)";
			};
			name = Debug;
		};
		CC8569B0D8EC742EBBA0322A /* Release */ = {
			isa = XCBuildConfiguration;
			buildSettings = {
				ASSETCATALOG_COMPILER_APPICON_NAME = AppIcon;
				INFOPLIST_FILE = Weather/Info.plist;
				LD_RUNPATH_SEARCH_PATHS = "$(inherited) @executable_path/Frameworks";
				PRODUCT_BUNDLE_IDENTIFIER = all.Weather;
				PRODUCT_NAME = "$(TARGET_NAME)";
			};
			name = Release;
		};
		CC856AF445F549D9273EEA65 /* Release */ = {
			isa = XCBuildConfiguration;
			buildSettings = {
				BUNDLE_LOADER = "$(BUILT_PRODUCTS_DIR)/Weather.app/Weather";
				INFOPLIST_FILE = WeatherUITests/Info.plist;
				LD_RUNPATH_SEARCH_PATHS = "$(inherited) @executable_path/Frameworks @loader_path/Frameworks";
				PRODUCT_BUNDLE_IDENTIFIER = all.WeatherUITests;
				PRODUCT_NAME = "$(TARGET_NAME)";
				TEST_HOST = "$(BUNDLE_LOADER)";
			};
			name = Release;
		};
		CC856FCD3FF2048E468A8B90 /* Debug */ = {
			isa = XCBuildConfiguration;
			buildSettings = {
				ASSETCATALOG_COMPILER_APPICON_NAME = AppIcon;
				INFOPLIST_FILE = Weather/Info.plist;
				LD_RUNPATH_SEARCH_PATHS = "$(inherited) @executable_path/Frameworks";
				PRODUCT_BUNDLE_IDENTIFIER = all.Weather;
				PRODUCT_NAME = "$(TARGET_NAME)";
			};
			name = Debug;
		};
/* End XCBuildConfiguration section */

/* Begin XCConfigurationList section */
		CC85668717A124DB3836F598 /* Build configuration list for PBXProject "Weather" */ = {
			isa = XCConfigurationList;
			buildConfigurations = (
				CC85666DBD182773842AE5C9 /* Debug */,
				CC8566BA33C32179FAC9F0FD /* Release */,
			);
			defaultConfigurationIsVisible = 0;
			defaultConfigurationName = Release;
		};
		CC856C86D2DCDDF20B50A9EB /* Build configuration list for PBXNativeTarget "WeatherUITests" */ = {
			isa = XCConfigurationList;
			buildConfigurations = (
				CC8561C18DFCCDA009C20DA8 /* Debug */,
				CC856AF445F549D9273EEA65 /* Release */,
			);
			defaultConfigurationIsVisible = 0;
		};
		CC856CAF7EE890453A81FBD9 /* Build configuration list for PBXNativeTarget "Weather" */ = {
			isa = XCConfigurationList;
			buildConfigurations = (
				CC856FCD3FF2048E468A8B90 /* Debug */,
				CC8569B0D8EC742EBBA0322A /* Release */,
			);
			defaultConfigurationIsVisible = 0;
		};
		CC856FEC4767DACFAC380148 /* Build configuration list for PBXNativeTarget "WeatherTests" */ = {
			isa = XCConfigurationList;
			buildConfigurations = (
				CC8566DD89CF153A2D4D00AA /* Debug */,
				CC856650364AF881801F1151 /* Release */,
			);
			defaultConfigurationIsVisible = 0;
		};
/* End XCConfigurationList section */
	};
	rootObject = CC8563D54ECB95224EC98C31 /* Project object */;
}
